
Microsoft Visual Studio Solution File, Format Version 12.00
# Visual Studio Version 17
VisualStudioVersion = 17.9.34728.123
MinimumVisualStudioVersion = 10.0.40219.1
Project("{2150E333-8FDC-42A3-9474-1A3956D46DE8}") = "src", "src", "{F1752527-1580-436A-A012-C4145250AA25}"
EndProject
Project("{FAE04EC0-301F-11D3-BF4B-00C04F79EFBC}") = "ItemFinder.Domain", "src\ItemFinder.Domain\ItemFinder.Domain.csproj", "{56F17D2A-7331-4D50-9629-BC6BD9F28B79}"
EndProject
Project("{FAE04EC0-301F-11D3-BF4B-00C04F79EFBC}") = "ItemFinder.Application", "src\ItemFinder.Application\ItemFinder.Application.csproj", "{A6CC82B3-19B1-48F0-A626-43F5BCFBEF10}"
EndProject
Project("{FAE04EC0-301F-11D3-BF4B-00C04F79EFBC}") = "ItemFinder.Infrastructure", "src\ItemFinder.Infrastructure\ItemFinder.Infrastructure.csproj", "{C4B36E7E-7B85-408F-AC77-E4355F39FF03}"
EndProject
Project("{FAE04EC0-301F-11D3-BF4B-00C04F79EFBC}") = "ItemFinder.ConsoleApp", "src\ItemFinder.ConsoleApp\ItemFinder.ConsoleApp.csproj", "{70A79B47-A887-4165-AF16-091E9AE5870F}"
EndProject
Project("{2150E333-8FDC-42A3-9474-1A3956D46DE8}") = "tests", "tests", "{8CC1A317-58CF-426C-A73D-462D5158BA35}"
EndProject
Project("{FAE04EC0-301F-11D3-BF4B-00C04F79EFBC}") = "ItemFinder.Domain.Tests", "tests\ItemFinder.Domain.Tests\ItemFinder.Domain.Tests.csproj", "{76566650-6169-4FEA-AC93-AC816E7C6C15}"
EndProject
Project("{FAE04EC0-301F-11D3-BF4B-00C04F79EFBC}") = "ItemFinder.Application.Tests", "tests\ItemFinder.Application.Tests\ItemFinder.Application.Tests.csproj", "{358AA327-7974-4412-B2CF-D69A9519D4A6}"
EndProject
Project("{FAE04EC0-301F-11D3-BF4B-00C04F79EFBC}") = "ItemFinder.Infrastructure.Tests", "tests\ItemFinder.Infrastructure.Tests\ItemFinder.Infrastructure.Tests.csproj", "{339C5E53-4A9B-4CA7-A39D-B342D69E3744}"
EndProject
Project("{FAE04EC0-301F-11D3-BF4B-00C04F79EFBC}") = "ItemFinder.ConsoleApp.Tests", "tests\ItemFinder.ConsoleApp.Tests\ItemFinder.ConsoleApp.Tests.csproj", "{6174C55B-6379-4F20-9233-1835D6B33E2C}"
EndProject
Project("{FAE04EC0-301F-11D3-BF4B-00C04F79EFBC}") = "ItemFinder.Api", "src\ItemFinder.Api\ItemFinder.Api.csproj", "{16ED2A6F-1502-46DC-87F0-F651E4F67354}"
EndProject
Project("{FAE04EC0-301F-11D3-BF4B-00C04F79EFBC}") = "ItemFinder.Api.Tests", "tests\ItemFinder.Api.Tests\ItemFinder.Api.Tests.csproj", "{BDB7B7B8-D5A9-4F72-A3E6-EAB7AF9C5F57}"
EndProject
Global
	GlobalSection(SolutionProperties) = preSolution
		HideSolutionNode = FALSE
	EndGlobalSection
	GlobalSection(ExtensibilityGlobals) = postSolution
		SolutionGuid = {0576E3D8-1213-4982-BE08-1CB3AD3061B5}
	EndGlobalSection
	GlobalSection(SolutionConfigurationPlatforms) = preSolution
		Debug|Any CPU = Debug|Any CPU
		Debug|x64 = Debug|x64
		Debug|x86 = Debug|x86
		Release|Any CPU = Release|Any CPU
		Release|x64 = Release|x64
		Release|x86 = Release|x86
	EndGlobalSection
	GlobalSection(ProjectConfigurationPlatforms) = postSolution
		{56F17D2A-7331-4D50-9629-BC6BD9F28B79}.Debug|Any CPU.ActiveCfg = Debug|Any CPU
		{56F17D2A-7331-4D50-9629-BC6BD9F28B79}.Debug|Any CPU.Build.0 = Debug|Any CPU
		{56F17D2A-7331-4D50-9629-BC6BD9F28B79}.Debug|x64.ActiveCfg = Debug|Any CPU
		{56F17D2A-7331-4D50-9629-BC6BD9F28B79}.Debug|x64.Build.0 = Debug|Any CPU
		{56F17D2A-7331-4D50-9629-BC6BD9F28B79}.Debug|x86.ActiveCfg = Debug|Any CPU
		{56F17D2A-7331-4D50-9629-BC6BD9F28B79}.Debug|x86.Build.0 = Debug|Any CPU
		{56F17D2A-7331-4D50-9629-BC6BD9F28B79}.Release|Any CPU.ActiveCfg = Release|Any CPU
		{56F17D2A-7331-4D50-9629-BC6BD9F28B79}.Release|Any CPU.Build.0 = Release|Any CPU
		{56F17D2A-7331-4D50-9629-BC6BD9F28B79}.Release|x64.ActiveCfg = Release|Any CPU
		{56F17D2A-7331-4D50-9629-BC6BD9F28B79}.Release|x64.Build.0 = Release|Any CPU
		{56F17D2A-7331-4D50-9629-BC6BD9F28B79}.Release|x86.ActiveCfg = Release|Any CPU
		{56F17D2A-7331-4D50-9629-BC6BD9F28B79}.Release|x86.Build.0 = Release|Any CPU
		{A6CC82B3-19B1-48F0-A626-43F5BCFBEF10}.Debug|Any CPU.ActiveCfg = Debug|Any CPU
		{A6CC82B3-19B1-48F0-A626-43F5BCFBEF10}.Debug|Any CPU.Build.0 = Debug|Any CPU
		{A6CC82B3-19B1-48F0-A626-43F5BCFBEF10}.Debug|x64.ActiveCfg = Debug|Any CPU
		{A6CC82B3-19B1-48F0-A626-43F5BCFBEF10}.Debug|x64.Build.0 = Debug|Any CPU
		{A6CC82B3-19B1-48F0-A626-43F5BCFBEF10}.Debug|x86.ActiveCfg = Debug|Any CPU
		{A6CC82B3-19B1-48F0-A626-43F5BCFBEF10}.Debug|x86.Build.0 = Debug|Any CPU
		{A6CC82B3-19B1-48F0-A626-43F5BCFBEF10}.Release|Any CPU.ActiveCfg = Release|Any CPU
		{A6CC82B3-19B1-48F0-A626-43F5BCFBEF10}.Release|Any CPU.Build.0 = Release|Any CPU
		{A6CC82B3-19B1-48F0-A626-43F5BCFBEF10}.Release|x64.ActiveCfg = Release|Any CPU
		{A6CC82B3-19B1-48F0-A626-43F5BCFBEF10}.Release|x64.Build.0 = Release|Any CPU
		{A6CC82B3-19B1-48F0-A626-43F5BCFBEF10}.Release|x86.ActiveCfg = Release|Any CPU
		{A6CC82B3-19B1-48F0-A626-43F5BCFBEF10}.Release|x86.Build.0 = Release|Any CPU
		{C4B36E7E-7B85-408F-AC77-E4355F39FF03}.Debug|Any CPU.ActiveCfg = Debug|Any CPU
		{C4B36E7E-7B85-408F-AC77-E4355F39FF03}.Debug|Any CPU.Build.0 = Debug|Any CPU
		{C4B36E7E-7B85-408F-AC77-E4355F39FF03}.Debug|x64.ActiveCfg = Debug|Any CPU
		{C4B36E7E-7B85-408F-AC77-E4355F39FF03}.Debug|x64.Build.0 = Debug|Any CPU
		{C4B36E7E-7B85-408F-AC77-E4355F39FF03}.Debug|x86.ActiveCfg = Debug|Any CPU
		{C4B36E7E-7B85-408F-AC77-E4355F39FF03}.Debug|x86.Build.0 = Debug|Any CPU
		{C4B36E7E-7B85-408F-AC77-E4355F39FF03}.Release|Any CPU.ActiveCfg = Release|Any CPU
		{C4B36E7E-7B85-408F-AC77-E4355F39FF03}.Release|Any CPU.Build.0 = Release|Any CPU
		{C4B36E7E-7B85-408F-AC77-E4355F39FF03}.Release|x64.ActiveCfg = Release|Any CPU
		{C4B36E7E-7B85-408F-AC77-E4355F39FF03}.Release|x64.Build.0 = Release|Any CPU
		{C4B36E7E-7B85-408F-AC77-E4355F39FF03}.Release|x86.ActiveCfg = Release|Any CPU
		{C4B36E7E-7B85-408F-AC77-E4355F39FF03}.Release|x86.Build.0 = Release|Any CPU
		{70A79B47-A887-4165-AF16-091E9AE5870F}.Debug|Any CPU.ActiveCfg = Debug|Any CPU
		{70A79B47-A887-4165-AF16-091E9AE5870F}.Debug|Any CPU.Build.0 = Debug|Any CPU
		{70A79B47-A887-4165-AF16-091E9AE5870F}.Debug|x64.ActiveCfg = Debug|Any CPU
		{70A79B47-A887-4165-AF16-091E9AE5870F}.Debug|x64.Build.0 = Debug|Any CPU
		{70A79B47-A887-4165-AF16-091E9AE5870F}.Debug|x86.ActiveCfg = Debug|Any CPU
		{70A79B47-A887-4165-AF16-091E9AE5870F}.Debug|x86.Build.0 = Debug|Any CPU
		{70A79B47-A887-4165-AF16-091E9AE5870F}.Release|Any CPU.ActiveCfg = Release|Any CPU
		{70A79B47-A887-4165-AF16-091E9AE5870F}.Release|Any CPU.Build.0 = Release|Any CPU
		{70A79B47-A887-4165-AF16-091E9AE5870F}.Release|x64.ActiveCfg = Release|Any CPU
		{70A79B47-A887-4165-AF16-091E9AE5870F}.Release|x64.Build.0 = Release|Any CPU
		{70A79B47-A887-4165-AF16-091E9AE5870F}.Release|x86.ActiveCfg = Release|Any CPU
		{70A79B47-A887-4165-AF16-091E9AE5870F}.Release|x86.Build.0 = Release|Any CPU
		{76566650-6169-4FEA-AC93-AC816E7C6C15}.Debug|Any CPU.ActiveCfg = Debug|Any CPU
		{76566650-6169-4FEA-AC93-AC816E7C6C15}.Debug|Any CPU.Build.0 = Debug|Any CPU
		{76566650-6169-4FEA-AC93-AC816E7C6C15}.Debug|x64.ActiveCfg = Debug|Any CPU
		{76566650-6169-4FEA-AC93-AC816E7C6C15}.Debug|x64.Build.0 = Debug|Any CPU
		{76566650-6169-4FEA-AC93-AC816E7C6C15}.Debug|x86.ActiveCfg = Debug|Any CPU
		{76566650-6169-4FEA-AC93-AC816E7C6C15}.Debug|x86.Build.0 = Debug|Any CPU
		{76566650-6169-4FEA-AC93-AC816E7C6C15}.Release|Any CPU.ActiveCfg = Release|Any CPU
		{76566650-6169-4FEA-AC93-AC816E7C6C15}.Release|Any CPU.Build.0 = Release|Any CPU
		{76566650-6169-4FEA-AC93-AC816E7C6C15}.Release|x64.ActiveCfg = Release|Any CPU
		{76566650-6169-4FEA-AC93-AC816E7C6C15}.Release|x64.Build.0 = Release|Any CPU
		{76566650-6169-4FEA-AC93-AC816E7C6C15}.Release|x86.ActiveCfg = Release|Any CPU
		{76566650-6169-4FEA-AC93-AC816E7C6C15}.Release|x86.Build.0 = Release|Any CPU
		{358AA327-7974-4412-B2CF-D69A9519D4A6}.Debug|Any CPU.ActiveCfg = Debug|Any CPU
		{358AA327-7974-4412-B2CF-D69A9519D4A6}.Debug|Any CPU.Build.0 = Debug|Any CPU
		{358AA327-7974-4412-B2CF-D69A9519D4A6}.Debug|x64.ActiveCfg = Debug|Any CPU
		{358AA327-7974-4412-B2CF-D69A9519D4A6}.Debug|x64.Build.0 = Debug|Any CPU
		{358AA327-7974-4412-B2CF-D69A9519D4A6}.Debug|x86.ActiveCfg = Debug|Any CPU
		{358AA327-7974-4412-B2CF-D69A9519D4A6}.Debug|x86.Build.0 = Debug|Any CPU
		{358AA327-7974-4412-B2CF-D69A9519D4A6}.Release|Any CPU.ActiveCfg = Release|Any CPU
		{358AA327-7974-4412-B2CF-D69A9519D4A6}.Release|Any CPU.Build.0 = Release|Any CPU
		{358AA327-7974-4412-B2CF-D69A9519D4A6}.Release|x64.ActiveCfg = Release|Any CPU
		{358AA327-7974-4412-B2CF-D69A9519D4A6}.Release|x64.Build.0 = Release|Any CPU
		{358AA327-7974-4412-B2CF-D69A9519D4A6}.Release|x86.ActiveCfg = Release|Any CPU
		{358AA327-7974-4412-B2CF-D69A9519D4A6}.Release|x86.Build.0 = Release|Any CPU
		{339C5E53-4A9B-4CA7-A39D-B342D69E3744}.Debug|Any CPU.ActiveCfg = Debug|Any CPU
		{339C5E53-4A9B-4CA7-A39D-B342D69E3744}.Debug|Any CPU.Build.0 = Debug|Any CPU
		{339C5E53-4A9B-4CA7-A39D-B342D69E3744}.Debug|x64.ActiveCfg = Debug|Any CPU
		{339C5E53-4A9B-4CA7-A39D-B342D69E3744}.Debug|x64.Build.0 = Debug|Any CPU
		{339C5E53-4A9B-4CA7-A39D-B342D69E3744}.Debug|x86.ActiveCfg = Debug|Any CPU
		{339C5E53-4A9B-4CA7-A39D-B342D69E3744}.Debug|x86.Build.0 = Debug|Any CPU
		{339C5E53-4A9B-4CA7-A39D-B342D69E3744}.Release|Any CPU.ActiveCfg = Release|Any CPU
		{339C5E53-4A9B-4CA7-A39D-B342D69E3744}.Release|Any CPU.Build.0 = Release|Any CPU
		{339C5E53-4A9B-4CA7-A39D-B342D69E3744}.Release|x64.ActiveCfg = Release|Any CPU
		{339C5E53-4A9B-4CA7-A39D-B342D69E3744}.Release|x64.Build.0 = Release|Any CPU
		{339C5E53-4A9B-4CA7-A39D-B342D69E3744}.Release|x86.ActiveCfg = Release|Any CPU
		{339C5E53-4A9B-4CA7-A39D-B342D69E3744}.Release|x86.Build.0 = Release|Any CPU
		{6174C55B-6379-4F20-9233-1835D6B33E2C}.Debug|Any CPU.ActiveCfg = Debug|Any CPU
		{6174C55B-6379-4F20-9233-1835D6B33E2C}.Debug|Any CPU.Build.0 = Debug|Any CPU
		{6174C55B-6379-4F20-9233-1835D6B33E2C}.Debug|x64.ActiveCfg = Debug|Any CPU
		{6174C55B-6379-4F20-9233-1835D6B33E2C}.Debug|x64.Build.0 = Debug|Any CPU
		{6174C55B-6379-4F20-9233-1835D6B33E2C}.Debug|x86.ActiveCfg = Debug|Any CPU
		{6174C55B-6379-4F20-9233-1835D6B33E2C}.Debug|x86.Build.0 = Debug|Any CPU
		{6174C55B-6379-4F20-9233-1835D6B33E2C}.Release|Any CPU.ActiveCfg = Release|Any CPU
		{6174C55B-6379-4F20-9233-1835D6B33E2C}.Release|Any CPU.Build.0 = Release|Any CPU
		{6174C55B-6379-4F20-9233-1835D6B33E2C}.Release|x64.ActiveCfg = Release|Any CPU
		{6174C55B-6379-4F20-9233-1835D6B33E2C}.Release|x64.Build.0 = Release|Any CPU
		{6174C55B-6379-4F20-9233-1835D6B33E2C}.Release|x86.ActiveCfg = Release|Any CPU
		{6174C55B-6379-4F20-9233-1835D6B33E2C}.Release|x86.Build.0 = Release|Any CPU
		{16ED2A6F-1502-46DC-87F0-F651E4F67354}.Debug|Any CPU.ActiveCfg = Debug|Any CPU
		{16ED2A6F-1502-46DC-87F0-F651E4F67354}.Debug|Any CPU.Build.0 = Debug|Any CPU
		{16ED2A6F-1502-46DC-87F0-F651E4F67354}.Debug|x64.ActiveCfg = Debug|Any CPU
		{16ED2A6F-1502-46DC-87F0-F651E4F67354}.Debug|x64.Build.0 = Debug|Any CPU
		{16ED2A6F-1502-46DC-87F0-F651E4F67354}.Debug|x86.ActiveCfg = Debug|Any CPU
		{16ED2A6F-1502-46DC-87F0-F651E4F67354}.Debug|x86.Build.0 = Debug|Any CPU
		{16ED2A6F-1502-46DC-87F0-F651E4F67354}.Release|Any CPU.ActiveCfg = Release|Any CPU
		{16ED2A6F-1502-46DC-87F0-F651E4F67354}.Release|Any CPU.Build.0 = Release|Any CPU
		{16ED2A6F-1502-46DC-87F0-F651E4F67354}.Release|x64.ActiveCfg = Release|Any CPU
		{16ED2A6F-1502-46DC-87F0-F651E4F67354}.Release|x64.Build.0 = Release|Any CPU
		{16ED2A6F-1502-46DC-87F0-F651E4F67354}.Release|x86.ActiveCfg = Release|Any CPU
		{16ED2A6F-1502-46DC-87F0-F651E4F67354}.Release|x86.Build.0 = Release|Any CPU
		{BDB7B7B8-D5A9-4F72-A3E6-EAB7AF9C5F57}.Debug|Any CPU.ActiveCfg = Debug|Any CPU
		{BDB7B7B8-D5A9-4F72-A3E6-EAB7AF9C5F57}.Debug|Any CPU.Build.0 = Debug|Any CPU
		{BDB7B7B8-D5A9-4F72-A3E6-EAB7AF9C5F57}.Debug|x64.ActiveCfg = Debug|Any CPU
		{BDB7B7B8-D5A9-4F72-A3E6-EAB7AF9C5F57}.Debug|x64.Build.0 = Debug|Any CPU
		{BDB7B7B8-D5A9-4F72-A3E6-EAB7AF9C5F57}.Debug|x86.ActiveCfg = Debug|Any CPU
		{BDB7B7B8-D5A9-4F72-A3E6-EAB7AF9C5F57}.Debug|x86.Build.0 = Debug|Any CPU
		{BDB7B7B8-D5A9-4F72-A3E6-EAB7AF9C5F57}.Release|Any CPU.ActiveCfg = Release|Any CPU
		{BDB7B7B8-D5A9-4F72-A3E6-EAB7AF9C5F57}.Release|Any CPU.Build.0 = Release|Any CPU
		{BDB7B7B8-D5A9-4F72-A3E6-EAB7AF9C5F57}.Release|x64.ActiveCfg = Release|Any CPU
		{BDB7B7B8-D5A9-4F72-A3E6-EAB7AF9C5F57}.Release|x64.Build.0 = Release|Any CPU
		{BDB7B7B8-D5A9-4F72-A3E6-EAB7AF9C5F57}.Release|x86.ActiveCfg = Release|Any CPU
		{BDB7B7B8-D5A9-4F72-A3E6-EAB7AF9C5F57}.Release|x86.Build.0 = Release|Any CPU
	EndGlobalSection
	GlobalSection(NestedProjects) = preSolution
		{56F17D2A-7331-4D50-9629-BC6BD9F28B79} = {F1752527-1580-436A-A012-C4145250AA25}
		{A6CC82B3-19B1-48F0-A626-43F5BCFBEF10} = {F1752527-1580-436A-A012-C4145250AA25}
		{C4B36E7E-7B85-408F-AC77-E4355F39FF03} = {F1752527-1580-436A-A012-C4145250AA25}
		{70A79B47-A887-4165-AF16-091E9AE5870F} = {F1752527-1580-436A-A012-C4145250AA25}
		{76566650-6169-4FEA-AC93-AC816E7C6C15} = {8CC1A317-58CF-426C-A73D-462D5158BA35}
		{358AA327-7974-4412-B2CF-D69A9519D4A6} = {8CC1A317-58CF-426C-A73D-462D5158BA35}
		{339C5E53-4A9B-4CA7-A39D-B342D69E3744} = {8CC1A317-58CF-426C-A73D-462D5158BA35}
		{6174C55B-6379-4F20-9233-1835D6B33E2C} = {8CC1A317-58CF-426C-A73D-462D5158BA35}
		{16ED2A6F-1502-46DC-87F0-F651E4F67354} = {F1752527-1580-436A-A012-C4145250AA25}
		{BDB7B7B8-D5A9-4F72-A3E6-EAB7AF9C5F57} = {8CC1A317-58CF-426C-A73D-462D5158BA35}
	EndGlobalSection
EndGlobal
